{
  "version": 1,
  "dependencies": {
    "net8.0": {
      "Azure.Bicep.Local.Extension": {
        "type": "Direct",
        "requested": "[0.32.4, )",
        "resolved": "0.32.4",
        "contentHash": "ntfh4SkuZt/+5yB6VyYNyJR8KYNN/TiEgj2AMGvXKgyucEdcV4KC2lh/F/+je9pN1U1YsCOrdWlYg08H0IcBWg==",
        "dependencies": {
          "CommandLineParser": "2.9.1",
          "Google.Protobuf": "3.28.3",
          "Grpc.Net.Client": "2.66.0"
        }
      },
      "Azure.Bicep.Types": {
        "type": "Direct",
        "requested": "[0.5.81, )",
        "resolved": "0.5.81",
        "contentHash": "A/7KLe6jwmS1Dc04tGPc5ABkQfxfgb1dtjvji772s9ji/5tG9nkb/n0aSdd45jJzga0eUvbA9uwjzDIXreW6Lg==",
        "dependencies": {
          "System.Text.Json": "8.0.4"
        }
      },
      "Azure.Security.KeyVault.Secrets": {
        "type": "Direct",
        "requested": "[4.7.0, )",
        "resolved": "4.7.0",
        "contentHash": "uOPCojkm41V4dKTORyGzl3/f/lriKpxSQ43fWDn4StRJBVmbF1F/DNWJhwm207kCnqgE/W9+tskJSimIKHCZkw==",
        "dependencies": {
          "Azure.Core": "1.44.1",
          "System.Memory": "4.5.5",
          "System.Text.Json": "6.0.10",
          "System.Threading.Tasks.Extensions": "4.5.4"
        }
      },
      "Grpc.AspNetCore": {
        "type": "Direct",
        "requested": "[2.63.0, )",
        "resolved": "2.63.0",
        "contentHash": "aDCMgtw4Ea2qV/xUPLFXj0qDn/ihKxTP/au6vSkDV4pa/ROU+4BeX71vuUfngG97mgMA3kzPLAKDSkl82zKXug==",
        "dependencies": {
          "Google.Protobuf": "3.24.0",
          "Grpc.AspNetCore.Server.ClientFactory": "2.63.0",
          "Grpc.Tools": "2.63.0"
        }
      },
      "Microsoft.NET.ILLink.Tasks": {
        "type": "Direct",
        "requested": "[8.0.11, )",
        "resolved": "8.0.11",
        "contentHash": "zk5lnZrYJgtuJG8L4v17Ej8rZ3PUcR2iweNV08BaO5LbYHIi2wNaVNcJoLxvqgQdnjLlKnCCfVGLDr6QHeAarQ=="
      },
      "Microsoft.SourceLink.GitHub": {
        "type": "Direct",
        "requested": "[8.0.0, )",
        "resolved": "8.0.0",
        "contentHash": "G5q7OqtwIyGTkeIOAc3u2ZuV/kicQaec5EaRnc0pIeSnh9LUjj+PYQrJYBURvDt7twGl2PKA7nSN0kz1Zw5bnQ==",
        "dependencies": {
          "Microsoft.Build.Tasks.Git": "8.0.0",
          "Microsoft.SourceLink.Common": "8.0.0"
        }
      },
      "Azure.Core": {
        "type": "Transitive",
        "resolved": "1.44.1",
        "contentHash": "YyznXLQZCregzHvioip07/BkzjuWNXogJEVz9T5W6TwjNr17ax41YGzYMptlo2G10oLCuVPoyva62y0SIRDixg==",
        "dependencies": {
          "Microsoft.Bcl.AsyncInterfaces": "6.0.0",
          "System.ClientModel": "1.1.0",
          "System.Diagnostics.DiagnosticSource": "6.0.1",
          "System.Memory.Data": "6.0.0",
          "System.Numerics.Vectors": "4.5.0",
          "System.Text.Encodings.Web": "6.0.0",
          "System.Text.Json": "6.0.10",
          "System.Threading.Tasks.Extensions": "4.5.4"
        }
      },
      "CommandLineParser": {
        "type": "Transitive",
        "resolved": "2.9.1",
        "contentHash": "OE0sl1/sQ37bjVsPKKtwQlWDgqaxWgtme3xZz7JssWUzg5JpMIyHgCTY9MVMxOg48fJ1AgGT3tgdH5m/kQ5xhA=="
      },
      "Google.Protobuf": {
        "type": "Transitive",
        "resolved": "3.28.3",
        "contentHash": "OewySX3aQCdKfMJsj2DzBMXQJPI+lm0CBzamU9ViFu3CU9tXYrQWqJ1CZ+/UWtkwOjUeIzbXmoOjRc7B8pbMrA=="
      },
      "Grpc.AspNetCore.Server": {
        "type": "Transitive",
        "resolved": "2.63.0",
        "contentHash": "KoOz6f23k9p9+NnQw78MiMAUYNOZ8HqATcdS2Q6f9K+F8EMJbj2+Vcie88z1OpLc+7iObr4PbK3Xmf4Nm5XbGw==",
        "dependencies": {
          "Grpc.Net.Common": "2.63.0"
        }
      },
      "Grpc.AspNetCore.Server.ClientFactory": {
        "type": "Transitive",
        "resolved": "2.63.0",
        "contentHash": "e4VOlNQwFsKgnwPVdYO3Z2NG+rSdk6jStMazfxHlcE0Yr9tSDJxLa30Fgi8tx+S0nplAzjXmqzKhG5hUhRYugw==",
        "dependencies": {
          "Grpc.AspNetCore.Server": "2.63.0",
          "Grpc.Net.ClientFactory": "2.63.0"
        }
      },
      "Grpc.Core.Api": {
        "type": "Transitive",
        "resolved": "2.66.0",
        "contentHash": "HsjsQVAHe4hqP4t4rpUnmq+MZvPdyrlPsWF4T5fbMvyP3o/lMV+KVJfDlaNH8+v0aGQTVT3EsDFufbhaWb52cw=="
      },
      "Grpc.Net.Client": {
        "type": "Transitive",
        "resolved": "2.66.0",
        "contentHash": "GwkSsssXFgN9+M2U+UQWdErf61sn1iqgP+2NRBlDXATcP9vlxda0wySxd/eIL8U522+SnyFNUXlvQ5tAzGk9cA==",
        "dependencies": {
          "Grpc.Net.Common": "2.66.0",
          "Microsoft.Extensions.Logging.Abstractions": "6.0.0"
        }
      },
      "Grpc.Net.ClientFactory": {
        "type": "Transitive",
        "resolved": "2.63.0",
        "contentHash": "RRT841A/JwmvXu+Fh8Gl9FNwwW8bc/Z0wm2F99SG26UGvTRCv39kx4edLtDuwo5ICrHpEu1fnsWMcPItamL7UQ==",
        "dependencies": {
          "Grpc.Net.Client": "2.63.0",
          "Microsoft.Extensions.Http": "6.0.0"
        }
      },
      "Grpc.Net.Common": {
        "type": "Transitive",
        "resolved": "2.66.0",
        "contentHash": "YJpQpIvpo0HKlsG6SHwaieyji08qfv0DdEDIewCAA0egQY08637sHOj1netLGUhzBEsCqlGC3e92TZ2uqhxnvw==",
        "dependencies": {
          "Grpc.Core.Api": "2.66.0"
        }
      },
      "Grpc.Tools": {
        "type": "Transitive",
        "resolved": "2.63.0",
        "contentHash": "kJ1+gtEmHQTG8AOtHQ1c/ScRihMijElYqylGGurraQP9yrl3paueI/iinsm6SOUjgOO3jjd3x3TmWNe8uvcRrw=="
      },
      "Microsoft.Bcl.AsyncInterfaces": {
        "type": "Transitive",
        "resolved": "6.0.0",
        "contentHash": "UcSjPsst+DfAdJGVDsu346FX0ci0ah+lw3WRtn18NUwEqRt70HaOQ7lI72vy3+1LxtqI3T5GWwV39rQSrCzAeg=="
      },
      "Microsoft.Build.Tasks.Git": {
        "type": "Transitive",
        "resolved": "8.0.0",
        "contentHash": "bZKfSIKJRXLTuSzLudMFte/8CempWjVamNUR5eHJizsy+iuOuO/k2gnh7W0dHJmYY0tBf+gUErfluCv5mySAOQ=="
      },
      "Microsoft.Extensions.DependencyInjection": {
        "type": "Transitive",
        "resolved": "6.0.0",
        "contentHash": "k6PWQMuoBDGGHOQTtyois2u4AwyVcIwL2LaSLlTZQm2CYcJ1pxbt6jfAnpWmzENA/wfrYRI/X9DTLoUkE4AsLw==",
        "dependencies": {
          "Microsoft.Extensions.DependencyInjection.Abstractions": "6.0.0",
          "System.Runtime.CompilerServices.Unsafe": "6.0.0"
        }
      },
      "Microsoft.Extensions.DependencyInjection.Abstractions": {
        "type": "Transitive",
        "resolved": "6.0.0",
        "contentHash": "xlzi2IYREJH3/m6+lUrQlujzX8wDitm4QGnUu6kUXTQAWPuZY8i+ticFJbzfqaetLA6KR/rO6Ew/HuYD+bxifg=="
      },
      "Microsoft.Extensions.Http": {
        "type": "Transitive",
        "resolved": "6.0.0",
        "contentHash": "15+pa2G0bAMHbHewaQIdr/y6ag2H3yh4rd9hTXavtWDzQBkvpe2RMqFg8BxDpcQWssmjmBApGPcw93QRz6YcMg==",
        "dependencies": {
          "Microsoft.Extensions.DependencyInjection.Abstractions": "6.0.0",
          "Microsoft.Extensions.Logging": "6.0.0",
          "Microsoft.Extensions.Logging.Abstractions": "6.0.0",
          "Microsoft.Extensions.Options": "6.0.0"
        }
      },
      "Microsoft.Extensions.Logging": {
        "type": "Transitive",
        "resolved": "6.0.0",
        "contentHash": "eIbyj40QDg1NDz0HBW0S5f3wrLVnKWnDJ/JtZ+yJDFnDj90VoPuoPmFkeaXrtu+0cKm5GRAwoDf+dBWXK0TUdg==",
        "dependencies": {
          "Microsoft.Extensions.DependencyInjection": "6.0.0",
          "Microsoft.Extensions.DependencyInjection.Abstractions": "6.0.0",
          "Microsoft.Extensions.Logging.Abstractions": "6.0.0",
          "Microsoft.Extensions.Options": "6.0.0",
          "System.Diagnostics.DiagnosticSource": "6.0.0"
        }
      },
      "Microsoft.Extensions.Logging.Abstractions": {
        "type": "Transitive",
        "resolved": "6.0.0",
        "contentHash": "/HggWBbTwy8TgebGSX5DBZ24ndhzi93sHUBDvP1IxbZD7FDokYzdAr6+vbWGjw2XAfR2EJ1sfKUotpjHnFWPxA=="
      },
      "Microsoft.Extensions.Options": {
        "type": "Transitive",
        "resolved": "6.0.0",
        "contentHash": "dzXN0+V1AyjOe2xcJ86Qbo233KHuLEY0njf/P2Kw8SfJU+d45HNS2ctJdnEnrWbM9Ye2eFgaC5Mj9otRMU6IsQ==",
        "dependencies": {
          "Microsoft.Extensions.DependencyInjection.Abstractions": "6.0.0",
          "Microsoft.Extensions.Primitives": "6.0.0"
        }
      },
      "Microsoft.Extensions.Primitives": {
        "type": "Transitive",
        "resolved": "6.0.0",
        "contentHash": "9+PnzmQFfEFNR9J2aDTfJGGupShHjOuGw4VUv+JB044biSHrnmCIMD+mJHmb2H7YryrfBEXDurxQ47gJZdCKNQ==",
        "dependencies": {
          "System.Runtime.CompilerServices.Unsafe": "6.0.0"
        }
      },
      "Microsoft.SourceLink.Common": {
        "type": "Transitive",
        "resolved": "8.0.0",
        "contentHash": "dk9JPxTCIevS75HyEQ0E4OVAFhB2N+V9ShCXf8Q6FkUQZDkgLI12y679Nym1YqsiSysuQskT7Z+6nUf3yab6Vw=="
      },
      "System.ClientModel": {
        "type": "Transitive",
        "resolved": "1.1.0",
        "contentHash": "UocOlCkxLZrG2CKMAAImPcldJTxeesHnHGHwhJ0pNlZEvEXcWKuQvVOER2/NiOkJGRJk978SNdw3j6/7O9H1lg==",
        "dependencies": {
          "System.Memory.Data": "1.0.2",
          "System.Text.Json": "6.0.9"
        }
      },
      "System.Diagnostics.DiagnosticSource": {
        "type": "Transitive",
        "resolved": "6.0.1",
        "contentHash": "KiLYDu2k2J82Q9BJpWiuQqCkFjRBWVq4jDzKKWawVi9KWzyD0XG3cmfX0vqTQlL14Wi9EufJrbL0+KCLTbqWiQ==",
        "dependencies": {
          "System.Runtime.CompilerServices.Unsafe": "6.0.0"
        }
      },
      "System.Memory": {
        "type": "Transitive",
        "resolved": "4.5.5",
        "contentHash": "XIWiDvKPXaTveaB7HVganDlOCRoj03l+jrwNvcge/t8vhGYKvqV+dMv6G4SAX2NoNmN0wZfVPTAlFwZcZvVOUw=="
      },
      "System.Memory.Data": {
        "type": "Transitive",
        "resolved": "6.0.0",
        "contentHash": "ntFHArH3I4Lpjf5m4DCXQHJuGwWPNVJPaAvM95Jy/u+2Yzt2ryiyIN04LAogkjP9DeRcEOiviAjQotfmPq/FrQ==",
        "dependencies": {
          "System.Text.Json": "6.0.0"
        }
      },
      "System.Numerics.Vectors": {
        "type": "Transitive",
        "resolved": "4.5.0",
        "contentHash": "QQTlPTl06J/iiDbJCiepZ4H//BVraReU4O4EoRw1U02H5TLUIT7xn3GnDp9AXPSlJUDyFs4uWjWafNX6WrAojQ=="
      },
      "System.Runtime.CompilerServices.Unsafe": {
        "type": "Transitive",
        "resolved": "6.0.0",
        "contentHash": "/iUeP3tq1S0XdNNoMz5C9twLSrM/TH+qElHkXWaPvuNOt+99G75NrV0OS2EqHx5wMN7popYjpc8oTjC1y16DLg=="
      },
      "System.Text.Encodings.Web": {
        "type": "Transitive",
        "resolved": "8.0.0",
        "contentHash": "yev/k9GHAEGx2Rg3/tU6MQh4HGBXJs70y7j1LaM1i/ER9po+6nnQ6RRqTJn1E7Xu0fbIFK80Nh5EoODxrbxwBQ=="
      },
      "System.Text.Json": {
        "type": "Transitive",
        "resolved": "8.0.4",
        "contentHash": "bAkhgDJ88XTsqczoxEMliSrpijKZHhbJQldhAmObj/RbrN3sU5dcokuXmWJWsdQAhiMJ9bTayWsL1C9fbbCRhw==",
        "dependencies": {
          "System.Text.Encodings.Web": "8.0.0"
        }
      },
      "System.Threading.Tasks.Extensions": {
        "type": "Transitive",
        "resolved": "4.5.4",
        "contentHash": "zteT+G8xuGu6mS+mzDzYXbzS7rd3K6Fjb9RiZlYlJPam2/hU7JCBZBVEcywNuR+oZ1ncTvc/cq0faRr3P01OVg=="
      }
    },
    "net8.0/linux-arm64": {
      "System.Text.Encodings.Web": {
        "type": "Transitive",
        "resolved": "8.0.0",
        "contentHash": "yev/k9GHAEGx2Rg3/tU6MQh4HGBXJs70y7j1LaM1i/ER9po+6nnQ6RRqTJn1E7Xu0fbIFK80Nh5EoODxrbxwBQ=="
      }
    },
    "net8.0/linux-x64": {
      "System.Text.Encodings.Web": {
        "type": "Transitive",
        "resolved": "8.0.0",
        "contentHash": "yev/k9GHAEGx2Rg3/tU6MQh4HGBXJs70y7j1LaM1i/ER9po+6nnQ6RRqTJn1E7Xu0fbIFK80Nh5EoODxrbxwBQ=="
      }
    },
    "net8.0/osx-arm64": {
      "System.Text.Encodings.Web": {
        "type": "Transitive",
        "resolved": "8.0.0",
        "contentHash": "yev/k9GHAEGx2Rg3/tU6MQh4HGBXJs70y7j1LaM1i/ER9po+6nnQ6RRqTJn1E7Xu0fbIFK80Nh5EoODxrbxwBQ=="
      }
    },
    "net8.0/osx-x64": {
      "System.Text.Encodings.Web": {
        "type": "Transitive",
        "resolved": "8.0.0",
        "contentHash": "yev/k9GHAEGx2Rg3/tU6MQh4HGBXJs70y7j1LaM1i/ER9po+6nnQ6RRqTJn1E7Xu0fbIFK80Nh5EoODxrbxwBQ=="
      }
    },
    "net8.0/win-arm64": {
      "System.Text.Encodings.Web": {
        "type": "Transitive",
        "resolved": "8.0.0",
        "contentHash": "yev/k9GHAEGx2Rg3/tU6MQh4HGBXJs70y7j1LaM1i/ER9po+6nnQ6RRqTJn1E7Xu0fbIFK80Nh5EoODxrbxwBQ=="
      }
    },
    "net8.0/win-x64": {
      "System.Text.Encodings.Web": {
        "type": "Transitive",
        "resolved": "8.0.0",
        "contentHash": "yev/k9GHAEGx2Rg3/tU6MQh4HGBXJs70y7j1LaM1i/ER9po+6nnQ6RRqTJn1E7Xu0fbIFK80Nh5EoODxrbxwBQ=="
      }
    }
  }
}